
Microsoft Visual Studio Solution File, Format Version 12.00
# Visual Studio 15
Project("{FAE04EC0-301F-11D3-BF4B-00C04F79EFBC}") = "ExampleCustomXml.Android", "ExampleCustomXml.Android\ExampleCustomXml.Android.csproj", "{1219979C-C318-4AA0-B474-EEB450D24A14}"
EndProject
Project("{FAE04EC0-301F-11D3-BF4B-00C04F79EFBC}") = "ExampleCustomXml.iOS", "ExampleCustomXml.iOS\ExampleCustomXml.iOS.csproj", "{E9F44CE8-16BA-4C39-8686-206CAAE440D3}"
EndProject
Project("{FAE04EC0-301F-11D3-BF4B-00C04F79EFBC}") = "ExampleCustomXml", "ExampleCustomXml\ExampleCustomXml.csproj", "{6E8FBD0C-6882-4CF4-900B-519F8611B1AF}"
EndProject
Global
	GlobalSection(SolutionConfigurationPlatforms) = preSolution
		Debug|Any CPU = Debug|Any CPU
		Release|Any CPU = Release|Any CPU
		Debug|iPhoneSimulator = Debug|iPhoneSimulator
		Release|iPhoneSimulator = Release|iPhoneSimulator
		Debug|iPhone = Debug|iPhone
		Release|iPhone = Release|iPhone
		Ad-Hoc|iPhone = Ad-Hoc|iPhone
		AppStore|iPhone = AppStore|iPhone
	EndGlobalSection
	GlobalSection(ProjectConfigurationPlatforms) = postSolution
		{1219979C-C318-4AA0-B474-EEB450D24A14}.Debug|Any CPU.ActiveCfg = Debug|Any CPU
		{1219979C-C318-4AA0-B474-EEB450D24A14}.Debug|Any CPU.Build.0 = Debug|Any CPU
		{1219979C-C318-4AA0-B474-EEB450D24A14}.Release|Any CPU.ActiveCfg = Release|Any CPU
		{1219979C-C318-4AA0-B474-EEB450D24A14}.Release|Any CPU.Build.0 = Release|Any CPU
		{1219979C-C318-4AA0-B474-EEB450D24A14}.Debug|iPhoneSimulator.ActiveCfg = Debug|Any CPU
		{1219979C-C318-4AA0-B474-EEB450D24A14}.Debug|iPhoneSimulator.Build.0 = Debug|Any CPU
		{1219979C-C318-4AA0-B474-EEB450D24A14}.Release|iPhoneSimulator.ActiveCfg = Release|Any CPU
		{1219979C-C318-4AA0-B474-EEB450D24A14}.Release|iPhoneSimulator.Build.0 = Release|Any CPU
		{1219979C-C318-4AA0-B474-EEB450D24A14}.Debug|iPhone.ActiveCfg = Debug|Any CPU
		{1219979C-C318-4AA0-B474-EEB450D24A14}.Debug|iPhone.Build.0 = Debug|Any CPU
		{1219979C-C318-4AA0-B474-EEB450D24A14}.Release|iPhone.ActiveCfg = Release|Any CPU
		{1219979C-C318-4AA0-B474-EEB450D24A14}.Release|iPhone.Build.0 = Release|Any CPU
		{1219979C-C318-4AA0-B474-EEB450D24A14}.Ad-Hoc|iPhone.ActiveCfg = Debug|Any CPU
		{1219979C-C318-4AA0-B474-EEB450D24A14}.Ad-Hoc|iPhone.Build.0 = Debug|Any CPU
		{1219979C-C318-4AA0-B474-EEB450D24A14}.AppStore|iPhone.ActiveCfg = Debug|Any CPU
		{1219979C-C318-4AA0-B474-EEB450D24A14}.AppStore|iPhone.Build.0 = Debug|Any CPU
		{E9F44CE8-16BA-4C39-8686-206CAAE440D3}.Debug|Any CPU.ActiveCfg = Debug|iPhoneSimulator
		{E9F44CE8-16BA-4C39-8686-206CAAE440D3}.Debug|Any CPU.Build.0 = Debug|iPhoneSimulator
		{E9F44CE8-16BA-4C39-8686-206CAAE440D3}.Release|Any CPU.ActiveCfg = Release|iPhoneSimulator
		{E9F44CE8-16BA-4C39-8686-206CAAE440D3}.Release|Any CPU.Build.0 = Release|iPhoneSimulator
		{E9F44CE8-16BA-4C39-8686-206CAAE440D3}.Debug|iPhoneSimulator.ActiveCfg = Debug|iPhoneSimulator
		{E9F44CE8-16BA-4C39-8686-206CAAE440D3}.Debug|iPhoneSimulator.Build.0 = Debug|iPhoneSimulator
		{E9F44CE8-16BA-4C39-8686-206CAAE440D3}.Release|iPhoneSimulator.ActiveCfg = Release|iPhoneSimulator
		{E9F44CE8-16BA-4C39-8686-206CAAE440D3}.Release|iPhoneSimulator.Build.0 = Release|iPhoneSimulator
		{E9F44CE8-16BA-4C39-8686-206CAAE440D3}.Debug|iPhone.ActiveCfg = Debug|iPhone
		{E9F44CE8-16BA-4C39-8686-206CAAE440D3}.Debug|iPhone.Build.0 = Debug|iPhone
		{E9F44CE8-16BA-4C39-8686-206CAAE440D3}.Release|iPhone.ActiveCfg = Release|iPhone
		{E9F44CE8-16BA-4C39-8686-206CAAE440D3}.Release|iPhone.Build.0 = Release|iPhone
		{E9F44CE8-16BA-4C39-8686-206CAAE440D3}.Ad-Hoc|iPhone.ActiveCfg = Ad-Hoc|iPhone
		{E9F44CE8-16BA-4C39-8686-206CAAE440D3}.Ad-Hoc|iPhone.Build.0 = Ad-Hoc|iPhone
		{E9F44CE8-16BA-4C39-8686-206CAAE440D3}.AppStore|iPhone.ActiveCfg = AppStore|iPhone
		{E9F44CE8-16BA-4C39-8686-206CAAE440D3}.AppStore|iPhone.Build.0 = AppStore|iPhone
		{6E8FBD0C-6882-4CF4-900B-519F8611B1AF}.Debug|Any CPU.ActiveCfg = Debug|Any CPU
		{6E8FBD0C-6882-4CF4-900B-519F8611B1AF}.Debug|Any CPU.Build.0 = Debug|Any CPU
		{6E8FBD0C-6882-4CF4-900B-519F8611B1AF}.Release|Any CPU.ActiveCfg = Release|Any CPU
		{6E8FBD0C-6882-4CF4-900B-519F8611B1AF}.Release|Any CPU.Build.0 = Release|Any CPU
		{6E8FBD0C-6882-4CF4-900B-519F8611B1AF}.Debug|iPhoneSimulator.ActiveCfg = Debug|Any CPU
		{6E8FBD0C-6882-4CF4-900B-519F8611B1AF}.Debug|iPhoneSimulator.Build.0 = Debug|Any CPU
		{6E8FBD0C-6882-4CF4-900B-519F8611B1AF}.Release|iPhoneSimulator.ActiveCfg = Release|Any CPU
		{6E8FBD0C-6882-4CF4-900B-519F8611B1AF}.Release|iPhoneSimulator.Build.0 = Release|Any CPU
		{6E8FBD0C-6882-4CF4-900B-519F8611B1AF}.Debug|iPhone.ActiveCfg = Debug|Any CPU
		{6E8FBD0C-6882-4CF4-900B-519F8611B1AF}.Debug|iPhone.Build.0 = Debug|Any CPU
		{6E8FBD0C-6882-4CF4-900B-519F8611B1AF}.Release|iPhone.ActiveCfg = Release|Any CPU
		{6E8FBD0C-6882-4CF4-900B-519F8611B1AF}.Release|iPhone.Build.0 = Release|Any CPU
		{6E8FBD0C-6882-4CF4-900B-519F8611B1AF}.Ad-Hoc|iPhone.ActiveCfg = Debug|Any CPU
		{6E8FBD0C-6882-4CF4-900B-519F8611B1AF}.Ad-Hoc|iPhone.Build.0 = Debug|Any CPU
		{6E8FBD0C-6882-4CF4-900B-519F8611B1AF}.AppStore|iPhone.ActiveCfg = Debug|Any CPU
		{6E8FBD0C-6882-4CF4-900B-519F8611B1AF}.AppStore|iPhone.Build.0 = Debug|Any CPU
	EndGlobalSection
EndGlobal
