
Microsoft Visual Studio Solution File, Format Version 12.00
# Visual Studio 15
Project("{FAE04EC0-301F-11D3-BF4B-00C04F79EFBC}") = "TextExemple.Android", "TextExemple.Android\TextExemple.Android.csproj", "{0A966569-3A90-4D5C-BE59-9133E0A33FC8}"
EndProject
Project("{FAE04EC0-301F-11D3-BF4B-00C04F79EFBC}") = "TextExemple.iOS", "TextExemple.iOS\TextExemple.iOS.csproj", "{71A7594D-8D34-4E46-A930-3ABE19D9026D}"
EndProject
Project("{FAE04EC0-301F-11D3-BF4B-00C04F79EFBC}") = "TextExemple", "TextExemple\TextExemple.csproj", "{E92BABBE-79AD-477D-BAB2-1393A545C253}"
EndProject
Global
	GlobalSection(SolutionConfigurationPlatforms) = preSolution
		Debug|Any CPU = Debug|Any CPU
		Release|Any CPU = Release|Any CPU
		Debug|iPhoneSimulator = Debug|iPhoneSimulator
		Release|iPhoneSimulator = Release|iPhoneSimulator
		Debug|iPhone = Debug|iPhone
		Release|iPhone = Release|iPhone
		Ad-Hoc|iPhone = Ad-Hoc|iPhone
		AppStore|iPhone = AppStore|iPhone
	EndGlobalSection
	GlobalSection(ProjectConfigurationPlatforms) = postSolution
		{0A966569-3A90-4D5C-BE59-9133E0A33FC8}.Debug|Any CPU.ActiveCfg = Debug|Any CPU
		{0A966569-3A90-4D5C-BE59-9133E0A33FC8}.Debug|Any CPU.Build.0 = Debug|Any CPU
		{0A966569-3A90-4D5C-BE59-9133E0A33FC8}.Release|Any CPU.ActiveCfg = Release|Any CPU
		{0A966569-3A90-4D5C-BE59-9133E0A33FC8}.Release|Any CPU.Build.0 = Release|Any CPU
		{0A966569-3A90-4D5C-BE59-9133E0A33FC8}.Debug|iPhoneSimulator.ActiveCfg = Debug|Any CPU
		{0A966569-3A90-4D5C-BE59-9133E0A33FC8}.Debug|iPhoneSimulator.Build.0 = Debug|Any CPU
		{0A966569-3A90-4D5C-BE59-9133E0A33FC8}.Release|iPhoneSimulator.ActiveCfg = Release|Any CPU
		{0A966569-3A90-4D5C-BE59-9133E0A33FC8}.Release|iPhoneSimulator.Build.0 = Release|Any CPU
		{0A966569-3A90-4D5C-BE59-9133E0A33FC8}.Debug|iPhone.ActiveCfg = Debug|Any CPU
		{0A966569-3A90-4D5C-BE59-9133E0A33FC8}.Debug|iPhone.Build.0 = Debug|Any CPU
		{0A966569-3A90-4D5C-BE59-9133E0A33FC8}.Release|iPhone.ActiveCfg = Release|Any CPU
		{0A966569-3A90-4D5C-BE59-9133E0A33FC8}.Release|iPhone.Build.0 = Release|Any CPU
		{0A966569-3A90-4D5C-BE59-9133E0A33FC8}.Ad-Hoc|iPhone.ActiveCfg = Debug|Any CPU
		{0A966569-3A90-4D5C-BE59-9133E0A33FC8}.Ad-Hoc|iPhone.Build.0 = Debug|Any CPU
		{0A966569-3A90-4D5C-BE59-9133E0A33FC8}.AppStore|iPhone.ActiveCfg = Debug|Any CPU
		{0A966569-3A90-4D5C-BE59-9133E0A33FC8}.AppStore|iPhone.Build.0 = Debug|Any CPU
		{71A7594D-8D34-4E46-A930-3ABE19D9026D}.Debug|Any CPU.ActiveCfg = Debug|iPhoneSimulator
		{71A7594D-8D34-4E46-A930-3ABE19D9026D}.Debug|Any CPU.Build.0 = Debug|iPhoneSimulator
		{71A7594D-8D34-4E46-A930-3ABE19D9026D}.Release|Any CPU.ActiveCfg = Release|iPhoneSimulator
		{71A7594D-8D34-4E46-A930-3ABE19D9026D}.Release|Any CPU.Build.0 = Release|iPhoneSimulator
		{71A7594D-8D34-4E46-A930-3ABE19D9026D}.Debug|iPhoneSimulator.ActiveCfg = Debug|iPhoneSimulator
		{71A7594D-8D34-4E46-A930-3ABE19D9026D}.Debug|iPhoneSimulator.Build.0 = Debug|iPhoneSimulator
		{71A7594D-8D34-4E46-A930-3ABE19D9026D}.Release|iPhoneSimulator.ActiveCfg = Release|iPhoneSimulator
		{71A7594D-8D34-4E46-A930-3ABE19D9026D}.Release|iPhoneSimulator.Build.0 = Release|iPhoneSimulator
		{71A7594D-8D34-4E46-A930-3ABE19D9026D}.Debug|iPhone.ActiveCfg = Debug|iPhone
		{71A7594D-8D34-4E46-A930-3ABE19D9026D}.Debug|iPhone.Build.0 = Debug|iPhone
		{71A7594D-8D34-4E46-A930-3ABE19D9026D}.Release|iPhone.ActiveCfg = Release|iPhone
		{71A7594D-8D34-4E46-A930-3ABE19D9026D}.Release|iPhone.Build.0 = Release|iPhone
		{71A7594D-8D34-4E46-A930-3ABE19D9026D}.Ad-Hoc|iPhone.ActiveCfg = Ad-Hoc|iPhone
		{71A7594D-8D34-4E46-A930-3ABE19D9026D}.Ad-Hoc|iPhone.Build.0 = Ad-Hoc|iPhone
		{71A7594D-8D34-4E46-A930-3ABE19D9026D}.AppStore|iPhone.ActiveCfg = AppStore|iPhone
		{71A7594D-8D34-4E46-A930-3ABE19D9026D}.AppStore|iPhone.Build.0 = AppStore|iPhone
		{E92BABBE-79AD-477D-BAB2-1393A545C253}.Debug|Any CPU.ActiveCfg = Debug|Any CPU
		{E92BABBE-79AD-477D-BAB2-1393A545C253}.Debug|Any CPU.Build.0 = Debug|Any CPU
		{E92BABBE-79AD-477D-BAB2-1393A545C253}.Release|Any CPU.ActiveCfg = Release|Any CPU
		{E92BABBE-79AD-477D-BAB2-1393A545C253}.Release|Any CPU.Build.0 = Release|Any CPU
		{E92BABBE-79AD-477D-BAB2-1393A545C253}.Debug|iPhoneSimulator.ActiveCfg = Debug|Any CPU
		{E92BABBE-79AD-477D-BAB2-1393A545C253}.Debug|iPhoneSimulator.Build.0 = Debug|Any CPU
		{E92BABBE-79AD-477D-BAB2-1393A545C253}.Release|iPhoneSimulator.ActiveCfg = Release|Any CPU
		{E92BABBE-79AD-477D-BAB2-1393A545C253}.Release|iPhoneSimulator.Build.0 = Release|Any CPU
		{E92BABBE-79AD-477D-BAB2-1393A545C253}.Debug|iPhone.ActiveCfg = Debug|Any CPU
		{E92BABBE-79AD-477D-BAB2-1393A545C253}.Debug|iPhone.Build.0 = Debug|Any CPU
		{E92BABBE-79AD-477D-BAB2-1393A545C253}.Release|iPhone.ActiveCfg = Release|Any CPU
		{E92BABBE-79AD-477D-BAB2-1393A545C253}.Release|iPhone.Build.0 = Release|Any CPU
		{E92BABBE-79AD-477D-BAB2-1393A545C253}.Ad-Hoc|iPhone.ActiveCfg = Debug|Any CPU
		{E92BABBE-79AD-477D-BAB2-1393A545C253}.Ad-Hoc|iPhone.Build.0 = Debug|Any CPU
		{E92BABBE-79AD-477D-BAB2-1393A545C253}.AppStore|iPhone.ActiveCfg = Debug|Any CPU
		{E92BABBE-79AD-477D-BAB2-1393A545C253}.AppStore|iPhone.Build.0 = Debug|Any CPU
	EndGlobalSection
EndGlobal
