
Microsoft Visual Studio Solution File, Format Version 12.00
# Visual Studio 15
Project("{FAE04EC0-301F-11D3-BF4B-00C04F79EFBC}") = "ExampleXaml.Android", "ExampleXaml.Android\ExampleXaml.Android.csproj", "{2F9006BF-D679-4A43-B5BB-7930D5702B78}"
EndProject
Project("{FAE04EC0-301F-11D3-BF4B-00C04F79EFBC}") = "ExampleXaml.iOS", "ExampleXaml.iOS\ExampleXaml.iOS.csproj", "{AC3364D2-5257-45BE-9A6A-DAC8E25DE938}"
EndProject
Project("{FAE04EC0-301F-11D3-BF4B-00C04F79EFBC}") = "ExampleXaml", "ExampleXaml\ExampleXaml.csproj", "{230D242B-7733-440C-91CD-74DF31100DFE}"
EndProject
Global
	GlobalSection(SolutionConfigurationPlatforms) = preSolution
		Debug|Any CPU = Debug|Any CPU
		Release|Any CPU = Release|Any CPU
		Debug|iPhoneSimulator = Debug|iPhoneSimulator
		Release|iPhoneSimulator = Release|iPhoneSimulator
		Debug|iPhone = Debug|iPhone
		Release|iPhone = Release|iPhone
		Ad-Hoc|iPhone = Ad-Hoc|iPhone
		AppStore|iPhone = AppStore|iPhone
	EndGlobalSection
	GlobalSection(ProjectConfigurationPlatforms) = postSolution
		{2F9006BF-D679-4A43-B5BB-7930D5702B78}.Debug|Any CPU.ActiveCfg = Debug|Any CPU
		{2F9006BF-D679-4A43-B5BB-7930D5702B78}.Debug|Any CPU.Build.0 = Debug|Any CPU
		{2F9006BF-D679-4A43-B5BB-7930D5702B78}.Release|Any CPU.ActiveCfg = Release|Any CPU
		{2F9006BF-D679-4A43-B5BB-7930D5702B78}.Release|Any CPU.Build.0 = Release|Any CPU
		{2F9006BF-D679-4A43-B5BB-7930D5702B78}.Debug|iPhoneSimulator.ActiveCfg = Debug|Any CPU
		{2F9006BF-D679-4A43-B5BB-7930D5702B78}.Debug|iPhoneSimulator.Build.0 = Debug|Any CPU
		{2F9006BF-D679-4A43-B5BB-7930D5702B78}.Release|iPhoneSimulator.ActiveCfg = Release|Any CPU
		{2F9006BF-D679-4A43-B5BB-7930D5702B78}.Release|iPhoneSimulator.Build.0 = Release|Any CPU
		{2F9006BF-D679-4A43-B5BB-7930D5702B78}.Debug|iPhone.ActiveCfg = Debug|Any CPU
		{2F9006BF-D679-4A43-B5BB-7930D5702B78}.Debug|iPhone.Build.0 = Debug|Any CPU
		{2F9006BF-D679-4A43-B5BB-7930D5702B78}.Release|iPhone.ActiveCfg = Release|Any CPU
		{2F9006BF-D679-4A43-B5BB-7930D5702B78}.Release|iPhone.Build.0 = Release|Any CPU
		{2F9006BF-D679-4A43-B5BB-7930D5702B78}.Ad-Hoc|iPhone.ActiveCfg = Debug|Any CPU
		{2F9006BF-D679-4A43-B5BB-7930D5702B78}.Ad-Hoc|iPhone.Build.0 = Debug|Any CPU
		{2F9006BF-D679-4A43-B5BB-7930D5702B78}.AppStore|iPhone.ActiveCfg = Debug|Any CPU
		{2F9006BF-D679-4A43-B5BB-7930D5702B78}.AppStore|iPhone.Build.0 = Debug|Any CPU
		{AC3364D2-5257-45BE-9A6A-DAC8E25DE938}.Debug|Any CPU.ActiveCfg = Debug|iPhoneSimulator
		{AC3364D2-5257-45BE-9A6A-DAC8E25DE938}.Debug|Any CPU.Build.0 = Debug|iPhoneSimulator
		{AC3364D2-5257-45BE-9A6A-DAC8E25DE938}.Release|Any CPU.ActiveCfg = Release|iPhoneSimulator
		{AC3364D2-5257-45BE-9A6A-DAC8E25DE938}.Release|Any CPU.Build.0 = Release|iPhoneSimulator
		{AC3364D2-5257-45BE-9A6A-DAC8E25DE938}.Debug|iPhoneSimulator.ActiveCfg = Debug|iPhoneSimulator
		{AC3364D2-5257-45BE-9A6A-DAC8E25DE938}.Debug|iPhoneSimulator.Build.0 = Debug|iPhoneSimulator
		{AC3364D2-5257-45BE-9A6A-DAC8E25DE938}.Release|iPhoneSimulator.ActiveCfg = Release|iPhoneSimulator
		{AC3364D2-5257-45BE-9A6A-DAC8E25DE938}.Release|iPhoneSimulator.Build.0 = Release|iPhoneSimulator
		{AC3364D2-5257-45BE-9A6A-DAC8E25DE938}.Debug|iPhone.ActiveCfg = Debug|iPhone
		{AC3364D2-5257-45BE-9A6A-DAC8E25DE938}.Debug|iPhone.Build.0 = Debug|iPhone
		{AC3364D2-5257-45BE-9A6A-DAC8E25DE938}.Release|iPhone.ActiveCfg = Release|iPhone
		{AC3364D2-5257-45BE-9A6A-DAC8E25DE938}.Release|iPhone.Build.0 = Release|iPhone
		{AC3364D2-5257-45BE-9A6A-DAC8E25DE938}.Ad-Hoc|iPhone.ActiveCfg = Ad-Hoc|iPhone
		{AC3364D2-5257-45BE-9A6A-DAC8E25DE938}.Ad-Hoc|iPhone.Build.0 = Ad-Hoc|iPhone
		{AC3364D2-5257-45BE-9A6A-DAC8E25DE938}.AppStore|iPhone.ActiveCfg = AppStore|iPhone
		{AC3364D2-5257-45BE-9A6A-DAC8E25DE938}.AppStore|iPhone.Build.0 = AppStore|iPhone
		{230D242B-7733-440C-91CD-74DF31100DFE}.Debug|Any CPU.ActiveCfg = Debug|Any CPU
		{230D242B-7733-440C-91CD-74DF31100DFE}.Debug|Any CPU.Build.0 = Debug|Any CPU
		{230D242B-7733-440C-91CD-74DF31100DFE}.Release|Any CPU.ActiveCfg = Release|Any CPU
		{230D242B-7733-440C-91CD-74DF31100DFE}.Release|Any CPU.Build.0 = Release|Any CPU
		{230D242B-7733-440C-91CD-74DF31100DFE}.Debug|iPhoneSimulator.ActiveCfg = Debug|Any CPU
		{230D242B-7733-440C-91CD-74DF31100DFE}.Debug|iPhoneSimulator.Build.0 = Debug|Any CPU
		{230D242B-7733-440C-91CD-74DF31100DFE}.Release|iPhoneSimulator.ActiveCfg = Release|Any CPU
		{230D242B-7733-440C-91CD-74DF31100DFE}.Release|iPhoneSimulator.Build.0 = Release|Any CPU
		{230D242B-7733-440C-91CD-74DF31100DFE}.Debug|iPhone.ActiveCfg = Debug|Any CPU
		{230D242B-7733-440C-91CD-74DF31100DFE}.Debug|iPhone.Build.0 = Debug|Any CPU
		{230D242B-7733-440C-91CD-74DF31100DFE}.Release|iPhone.ActiveCfg = Release|Any CPU
		{230D242B-7733-440C-91CD-74DF31100DFE}.Release|iPhone.Build.0 = Release|Any CPU
		{230D242B-7733-440C-91CD-74DF31100DFE}.Ad-Hoc|iPhone.ActiveCfg = Debug|Any CPU
		{230D242B-7733-440C-91CD-74DF31100DFE}.Ad-Hoc|iPhone.Build.0 = Debug|Any CPU
		{230D242B-7733-440C-91CD-74DF31100DFE}.AppStore|iPhone.ActiveCfg = Debug|Any CPU
		{230D242B-7733-440C-91CD-74DF31100DFE}.AppStore|iPhone.Build.0 = Debug|Any CPU
	EndGlobalSection
EndGlobal
