
Microsoft Visual Studio Solution File, Format Version 12.00
# Visual Studio 15
Project("{FAE04EC0-301F-11D3-BF4B-00C04F79EFBC}") = "ExercicioMasterDetailPage.Android", "ExercicioMasterDetailPage.Android\ExercicioMasterDetailPage.Android.csproj", "{D04EBD3A-FC51-4642-8DE2-FACB27D8F234}"
EndProject
Project("{FAE04EC0-301F-11D3-BF4B-00C04F79EFBC}") = "ExercicioMasterDetailPage.iOS", "ExercicioMasterDetailPage.iOS\ExercicioMasterDetailPage.iOS.csproj", "{8E309782-0551-4E81-AC24-4E7D0A076366}"
EndProject
Project("{FAE04EC0-301F-11D3-BF4B-00C04F79EFBC}") = "ExercicioMasterDetailPage", "ExercicioMasterDetailPage\ExercicioMasterDetailPage.csproj", "{FE6F30D9-451C-4188-A874-DF3F48AD9228}"
EndProject
Global
	GlobalSection(SolutionConfigurationPlatforms) = preSolution
		Debug|Any CPU = Debug|Any CPU
		Release|Any CPU = Release|Any CPU
		Debug|iPhoneSimulator = Debug|iPhoneSimulator
		Release|iPhoneSimulator = Release|iPhoneSimulator
		Debug|iPhone = Debug|iPhone
		Release|iPhone = Release|iPhone
		Ad-Hoc|iPhone = Ad-Hoc|iPhone
		AppStore|iPhone = AppStore|iPhone
	EndGlobalSection
	GlobalSection(ProjectConfigurationPlatforms) = postSolution
		{D04EBD3A-FC51-4642-8DE2-FACB27D8F234}.Debug|Any CPU.ActiveCfg = Debug|Any CPU
		{D04EBD3A-FC51-4642-8DE2-FACB27D8F234}.Debug|Any CPU.Build.0 = Debug|Any CPU
		{D04EBD3A-FC51-4642-8DE2-FACB27D8F234}.Release|Any CPU.ActiveCfg = Release|Any CPU
		{D04EBD3A-FC51-4642-8DE2-FACB27D8F234}.Release|Any CPU.Build.0 = Release|Any CPU
		{D04EBD3A-FC51-4642-8DE2-FACB27D8F234}.Debug|iPhoneSimulator.ActiveCfg = Debug|Any CPU
		{D04EBD3A-FC51-4642-8DE2-FACB27D8F234}.Debug|iPhoneSimulator.Build.0 = Debug|Any CPU
		{D04EBD3A-FC51-4642-8DE2-FACB27D8F234}.Release|iPhoneSimulator.ActiveCfg = Release|Any CPU
		{D04EBD3A-FC51-4642-8DE2-FACB27D8F234}.Release|iPhoneSimulator.Build.0 = Release|Any CPU
		{D04EBD3A-FC51-4642-8DE2-FACB27D8F234}.Debug|iPhone.ActiveCfg = Debug|Any CPU
		{D04EBD3A-FC51-4642-8DE2-FACB27D8F234}.Debug|iPhone.Build.0 = Debug|Any CPU
		{D04EBD3A-FC51-4642-8DE2-FACB27D8F234}.Release|iPhone.ActiveCfg = Release|Any CPU
		{D04EBD3A-FC51-4642-8DE2-FACB27D8F234}.Release|iPhone.Build.0 = Release|Any CPU
		{D04EBD3A-FC51-4642-8DE2-FACB27D8F234}.Ad-Hoc|iPhone.ActiveCfg = Debug|Any CPU
		{D04EBD3A-FC51-4642-8DE2-FACB27D8F234}.Ad-Hoc|iPhone.Build.0 = Debug|Any CPU
		{D04EBD3A-FC51-4642-8DE2-FACB27D8F234}.AppStore|iPhone.ActiveCfg = Debug|Any CPU
		{D04EBD3A-FC51-4642-8DE2-FACB27D8F234}.AppStore|iPhone.Build.0 = Debug|Any CPU
		{8E309782-0551-4E81-AC24-4E7D0A076366}.Debug|Any CPU.ActiveCfg = Debug|iPhoneSimulator
		{8E309782-0551-4E81-AC24-4E7D0A076366}.Debug|Any CPU.Build.0 = Debug|iPhoneSimulator
		{8E309782-0551-4E81-AC24-4E7D0A076366}.Release|Any CPU.ActiveCfg = Release|iPhoneSimulator
		{8E309782-0551-4E81-AC24-4E7D0A076366}.Release|Any CPU.Build.0 = Release|iPhoneSimulator
		{8E309782-0551-4E81-AC24-4E7D0A076366}.Debug|iPhoneSimulator.ActiveCfg = Debug|iPhoneSimulator
		{8E309782-0551-4E81-AC24-4E7D0A076366}.Debug|iPhoneSimulator.Build.0 = Debug|iPhoneSimulator
		{8E309782-0551-4E81-AC24-4E7D0A076366}.Release|iPhoneSimulator.ActiveCfg = Release|iPhoneSimulator
		{8E309782-0551-4E81-AC24-4E7D0A076366}.Release|iPhoneSimulator.Build.0 = Release|iPhoneSimulator
		{8E309782-0551-4E81-AC24-4E7D0A076366}.Debug|iPhone.ActiveCfg = Debug|iPhone
		{8E309782-0551-4E81-AC24-4E7D0A076366}.Debug|iPhone.Build.0 = Debug|iPhone
		{8E309782-0551-4E81-AC24-4E7D0A076366}.Release|iPhone.ActiveCfg = Release|iPhone
		{8E309782-0551-4E81-AC24-4E7D0A076366}.Release|iPhone.Build.0 = Release|iPhone
		{8E309782-0551-4E81-AC24-4E7D0A076366}.Ad-Hoc|iPhone.ActiveCfg = Ad-Hoc|iPhone
		{8E309782-0551-4E81-AC24-4E7D0A076366}.Ad-Hoc|iPhone.Build.0 = Ad-Hoc|iPhone
		{8E309782-0551-4E81-AC24-4E7D0A076366}.AppStore|iPhone.ActiveCfg = AppStore|iPhone
		{8E309782-0551-4E81-AC24-4E7D0A076366}.AppStore|iPhone.Build.0 = AppStore|iPhone
		{FE6F30D9-451C-4188-A874-DF3F48AD9228}.Debug|Any CPU.ActiveCfg = Debug|Any CPU
		{FE6F30D9-451C-4188-A874-DF3F48AD9228}.Debug|Any CPU.Build.0 = Debug|Any CPU
		{FE6F30D9-451C-4188-A874-DF3F48AD9228}.Release|Any CPU.ActiveCfg = Release|Any CPU
		{FE6F30D9-451C-4188-A874-DF3F48AD9228}.Release|Any CPU.Build.0 = Release|Any CPU
		{FE6F30D9-451C-4188-A874-DF3F48AD9228}.Debug|iPhoneSimulator.ActiveCfg = Debug|Any CPU
		{FE6F30D9-451C-4188-A874-DF3F48AD9228}.Debug|iPhoneSimulator.Build.0 = Debug|Any CPU
		{FE6F30D9-451C-4188-A874-DF3F48AD9228}.Release|iPhoneSimulator.ActiveCfg = Release|Any CPU
		{FE6F30D9-451C-4188-A874-DF3F48AD9228}.Release|iPhoneSimulator.Build.0 = Release|Any CPU
		{FE6F30D9-451C-4188-A874-DF3F48AD9228}.Debug|iPhone.ActiveCfg = Debug|Any CPU
		{FE6F30D9-451C-4188-A874-DF3F48AD9228}.Debug|iPhone.Build.0 = Debug|Any CPU
		{FE6F30D9-451C-4188-A874-DF3F48AD9228}.Release|iPhone.ActiveCfg = Release|Any CPU
		{FE6F30D9-451C-4188-A874-DF3F48AD9228}.Release|iPhone.Build.0 = Release|Any CPU
		{FE6F30D9-451C-4188-A874-DF3F48AD9228}.Ad-Hoc|iPhone.ActiveCfg = Debug|Any CPU
		{FE6F30D9-451C-4188-A874-DF3F48AD9228}.Ad-Hoc|iPhone.Build.0 = Debug|Any CPU
		{FE6F30D9-451C-4188-A874-DF3F48AD9228}.AppStore|iPhone.ActiveCfg = Debug|Any CPU
		{FE6F30D9-451C-4188-A874-DF3F48AD9228}.AppStore|iPhone.Build.0 = Debug|Any CPU
	EndGlobalSection
EndGlobal
