
Microsoft Visual Studio Solution File, Format Version 12.00
# Visual Studio 15
Project("{FAE04EC0-301F-11D3-BF4B-00C04F79EFBC}") = "ExemploTabedPage.Android", "ExemploTabedPage.Android\ExemploTabedPage.Android.csproj", "{60DBFABD-2AE3-4F6C-B259-A23D3EC5933E}"
EndProject
Project("{FAE04EC0-301F-11D3-BF4B-00C04F79EFBC}") = "ExemploTabedPage.iOS", "ExemploTabedPage.iOS\ExemploTabedPage.iOS.csproj", "{C09C41A9-E1B0-4322-929A-1BBA86E3C029}"
EndProject
Project("{FAE04EC0-301F-11D3-BF4B-00C04F79EFBC}") = "ExemploTabedPage", "ExemploTabedPage\ExemploTabedPage.csproj", "{9DEF7594-95D5-43B2-90EA-97C9D3F6E2BE}"
EndProject
Global
	GlobalSection(SolutionConfigurationPlatforms) = preSolution
		Debug|Any CPU = Debug|Any CPU
		Release|Any CPU = Release|Any CPU
		Debug|iPhoneSimulator = Debug|iPhoneSimulator
		Release|iPhoneSimulator = Release|iPhoneSimulator
		Debug|iPhone = Debug|iPhone
		Release|iPhone = Release|iPhone
		Ad-Hoc|iPhone = Ad-Hoc|iPhone
		AppStore|iPhone = AppStore|iPhone
	EndGlobalSection
	GlobalSection(ProjectConfigurationPlatforms) = postSolution
		{60DBFABD-2AE3-4F6C-B259-A23D3EC5933E}.Debug|Any CPU.ActiveCfg = Debug|Any CPU
		{60DBFABD-2AE3-4F6C-B259-A23D3EC5933E}.Debug|Any CPU.Build.0 = Debug|Any CPU
		{60DBFABD-2AE3-4F6C-B259-A23D3EC5933E}.Release|Any CPU.ActiveCfg = Release|Any CPU
		{60DBFABD-2AE3-4F6C-B259-A23D3EC5933E}.Release|Any CPU.Build.0 = Release|Any CPU
		{60DBFABD-2AE3-4F6C-B259-A23D3EC5933E}.Debug|iPhoneSimulator.ActiveCfg = Debug|Any CPU
		{60DBFABD-2AE3-4F6C-B259-A23D3EC5933E}.Debug|iPhoneSimulator.Build.0 = Debug|Any CPU
		{60DBFABD-2AE3-4F6C-B259-A23D3EC5933E}.Release|iPhoneSimulator.ActiveCfg = Release|Any CPU
		{60DBFABD-2AE3-4F6C-B259-A23D3EC5933E}.Release|iPhoneSimulator.Build.0 = Release|Any CPU
		{60DBFABD-2AE3-4F6C-B259-A23D3EC5933E}.Debug|iPhone.ActiveCfg = Debug|Any CPU
		{60DBFABD-2AE3-4F6C-B259-A23D3EC5933E}.Debug|iPhone.Build.0 = Debug|Any CPU
		{60DBFABD-2AE3-4F6C-B259-A23D3EC5933E}.Release|iPhone.ActiveCfg = Release|Any CPU
		{60DBFABD-2AE3-4F6C-B259-A23D3EC5933E}.Release|iPhone.Build.0 = Release|Any CPU
		{60DBFABD-2AE3-4F6C-B259-A23D3EC5933E}.Ad-Hoc|iPhone.ActiveCfg = Debug|Any CPU
		{60DBFABD-2AE3-4F6C-B259-A23D3EC5933E}.Ad-Hoc|iPhone.Build.0 = Debug|Any CPU
		{60DBFABD-2AE3-4F6C-B259-A23D3EC5933E}.AppStore|iPhone.ActiveCfg = Debug|Any CPU
		{60DBFABD-2AE3-4F6C-B259-A23D3EC5933E}.AppStore|iPhone.Build.0 = Debug|Any CPU
		{C09C41A9-E1B0-4322-929A-1BBA86E3C029}.Debug|Any CPU.ActiveCfg = Debug|iPhoneSimulator
		{C09C41A9-E1B0-4322-929A-1BBA86E3C029}.Debug|Any CPU.Build.0 = Debug|iPhoneSimulator
		{C09C41A9-E1B0-4322-929A-1BBA86E3C029}.Release|Any CPU.ActiveCfg = Release|iPhoneSimulator
		{C09C41A9-E1B0-4322-929A-1BBA86E3C029}.Release|Any CPU.Build.0 = Release|iPhoneSimulator
		{C09C41A9-E1B0-4322-929A-1BBA86E3C029}.Debug|iPhoneSimulator.ActiveCfg = Debug|iPhoneSimulator
		{C09C41A9-E1B0-4322-929A-1BBA86E3C029}.Debug|iPhoneSimulator.Build.0 = Debug|iPhoneSimulator
		{C09C41A9-E1B0-4322-929A-1BBA86E3C029}.Release|iPhoneSimulator.ActiveCfg = Release|iPhoneSimulator
		{C09C41A9-E1B0-4322-929A-1BBA86E3C029}.Release|iPhoneSimulator.Build.0 = Release|iPhoneSimulator
		{C09C41A9-E1B0-4322-929A-1BBA86E3C029}.Debug|iPhone.ActiveCfg = Debug|iPhone
		{C09C41A9-E1B0-4322-929A-1BBA86E3C029}.Debug|iPhone.Build.0 = Debug|iPhone
		{C09C41A9-E1B0-4322-929A-1BBA86E3C029}.Release|iPhone.ActiveCfg = Release|iPhone
		{C09C41A9-E1B0-4322-929A-1BBA86E3C029}.Release|iPhone.Build.0 = Release|iPhone
		{C09C41A9-E1B0-4322-929A-1BBA86E3C029}.Ad-Hoc|iPhone.ActiveCfg = Ad-Hoc|iPhone
		{C09C41A9-E1B0-4322-929A-1BBA86E3C029}.Ad-Hoc|iPhone.Build.0 = Ad-Hoc|iPhone
		{C09C41A9-E1B0-4322-929A-1BBA86E3C029}.AppStore|iPhone.ActiveCfg = AppStore|iPhone
		{C09C41A9-E1B0-4322-929A-1BBA86E3C029}.AppStore|iPhone.Build.0 = AppStore|iPhone
		{9DEF7594-95D5-43B2-90EA-97C9D3F6E2BE}.Debug|Any CPU.ActiveCfg = Debug|Any CPU
		{9DEF7594-95D5-43B2-90EA-97C9D3F6E2BE}.Debug|Any CPU.Build.0 = Debug|Any CPU
		{9DEF7594-95D5-43B2-90EA-97C9D3F6E2BE}.Release|Any CPU.ActiveCfg = Release|Any CPU
		{9DEF7594-95D5-43B2-90EA-97C9D3F6E2BE}.Release|Any CPU.Build.0 = Release|Any CPU
		{9DEF7594-95D5-43B2-90EA-97C9D3F6E2BE}.Debug|iPhoneSimulator.ActiveCfg = Debug|Any CPU
		{9DEF7594-95D5-43B2-90EA-97C9D3F6E2BE}.Debug|iPhoneSimulator.Build.0 = Debug|Any CPU
		{9DEF7594-95D5-43B2-90EA-97C9D3F6E2BE}.Release|iPhoneSimulator.ActiveCfg = Release|Any CPU
		{9DEF7594-95D5-43B2-90EA-97C9D3F6E2BE}.Release|iPhoneSimulator.Build.0 = Release|Any CPU
		{9DEF7594-95D5-43B2-90EA-97C9D3F6E2BE}.Debug|iPhone.ActiveCfg = Debug|Any CPU
		{9DEF7594-95D5-43B2-90EA-97C9D3F6E2BE}.Debug|iPhone.Build.0 = Debug|Any CPU
		{9DEF7594-95D5-43B2-90EA-97C9D3F6E2BE}.Release|iPhone.ActiveCfg = Release|Any CPU
		{9DEF7594-95D5-43B2-90EA-97C9D3F6E2BE}.Release|iPhone.Build.0 = Release|Any CPU
		{9DEF7594-95D5-43B2-90EA-97C9D3F6E2BE}.Ad-Hoc|iPhone.ActiveCfg = Debug|Any CPU
		{9DEF7594-95D5-43B2-90EA-97C9D3F6E2BE}.Ad-Hoc|iPhone.Build.0 = Debug|Any CPU
		{9DEF7594-95D5-43B2-90EA-97C9D3F6E2BE}.AppStore|iPhone.ActiveCfg = Debug|Any CPU
		{9DEF7594-95D5-43B2-90EA-97C9D3F6E2BE}.AppStore|iPhone.Build.0 = Debug|Any CPU
	EndGlobalSection
EndGlobal
