
Microsoft Visual Studio Solution File, Format Version 12.00
# Visual Studio 15
Project("{FAE04EC0-301F-11D3-BF4B-00C04F79EFBC}") = "ColorList.Android", "ColorList.Android\ColorList.Android.csproj", "{91434CF7-0BA0-41AC-B443-D8BE31546DF8}"
EndProject
Project("{FAE04EC0-301F-11D3-BF4B-00C04F79EFBC}") = "ColorList.iOS", "ColorList.iOS\ColorList.iOS.csproj", "{7D576E4A-2289-4AD2-A5DA-5CDACB8CB242}"
EndProject
Project("{FAE04EC0-301F-11D3-BF4B-00C04F79EFBC}") = "ColorList", "ColorList\ColorList.csproj", "{7B41740E-8A34-49AF-AECF-F6318CA592A7}"
EndProject
Global
	GlobalSection(SolutionConfigurationPlatforms) = preSolution
		Debug|Any CPU = Debug|Any CPU
		Release|Any CPU = Release|Any CPU
		Debug|iPhoneSimulator = Debug|iPhoneSimulator
		Release|iPhoneSimulator = Release|iPhoneSimulator
		Debug|iPhone = Debug|iPhone
		Release|iPhone = Release|iPhone
		Ad-Hoc|iPhone = Ad-Hoc|iPhone
		AppStore|iPhone = AppStore|iPhone
	EndGlobalSection
	GlobalSection(ProjectConfigurationPlatforms) = postSolution
		{91434CF7-0BA0-41AC-B443-D8BE31546DF8}.Debug|Any CPU.ActiveCfg = Debug|Any CPU
		{91434CF7-0BA0-41AC-B443-D8BE31546DF8}.Debug|Any CPU.Build.0 = Debug|Any CPU
		{91434CF7-0BA0-41AC-B443-D8BE31546DF8}.Release|Any CPU.ActiveCfg = Release|Any CPU
		{91434CF7-0BA0-41AC-B443-D8BE31546DF8}.Release|Any CPU.Build.0 = Release|Any CPU
		{91434CF7-0BA0-41AC-B443-D8BE31546DF8}.Debug|iPhoneSimulator.ActiveCfg = Debug|Any CPU
		{91434CF7-0BA0-41AC-B443-D8BE31546DF8}.Debug|iPhoneSimulator.Build.0 = Debug|Any CPU
		{91434CF7-0BA0-41AC-B443-D8BE31546DF8}.Release|iPhoneSimulator.ActiveCfg = Release|Any CPU
		{91434CF7-0BA0-41AC-B443-D8BE31546DF8}.Release|iPhoneSimulator.Build.0 = Release|Any CPU
		{91434CF7-0BA0-41AC-B443-D8BE31546DF8}.Debug|iPhone.ActiveCfg = Debug|Any CPU
		{91434CF7-0BA0-41AC-B443-D8BE31546DF8}.Debug|iPhone.Build.0 = Debug|Any CPU
		{91434CF7-0BA0-41AC-B443-D8BE31546DF8}.Release|iPhone.ActiveCfg = Release|Any CPU
		{91434CF7-0BA0-41AC-B443-D8BE31546DF8}.Release|iPhone.Build.0 = Release|Any CPU
		{91434CF7-0BA0-41AC-B443-D8BE31546DF8}.Ad-Hoc|iPhone.ActiveCfg = Debug|Any CPU
		{91434CF7-0BA0-41AC-B443-D8BE31546DF8}.Ad-Hoc|iPhone.Build.0 = Debug|Any CPU
		{91434CF7-0BA0-41AC-B443-D8BE31546DF8}.AppStore|iPhone.ActiveCfg = Debug|Any CPU
		{91434CF7-0BA0-41AC-B443-D8BE31546DF8}.AppStore|iPhone.Build.0 = Debug|Any CPU
		{7D576E4A-2289-4AD2-A5DA-5CDACB8CB242}.Debug|Any CPU.ActiveCfg = Debug|iPhoneSimulator
		{7D576E4A-2289-4AD2-A5DA-5CDACB8CB242}.Debug|Any CPU.Build.0 = Debug|iPhoneSimulator
		{7D576E4A-2289-4AD2-A5DA-5CDACB8CB242}.Release|Any CPU.ActiveCfg = Release|iPhoneSimulator
		{7D576E4A-2289-4AD2-A5DA-5CDACB8CB242}.Release|Any CPU.Build.0 = Release|iPhoneSimulator
		{7D576E4A-2289-4AD2-A5DA-5CDACB8CB242}.Debug|iPhoneSimulator.ActiveCfg = Debug|iPhoneSimulator
		{7D576E4A-2289-4AD2-A5DA-5CDACB8CB242}.Debug|iPhoneSimulator.Build.0 = Debug|iPhoneSimulator
		{7D576E4A-2289-4AD2-A5DA-5CDACB8CB242}.Release|iPhoneSimulator.ActiveCfg = Release|iPhoneSimulator
		{7D576E4A-2289-4AD2-A5DA-5CDACB8CB242}.Release|iPhoneSimulator.Build.0 = Release|iPhoneSimulator
		{7D576E4A-2289-4AD2-A5DA-5CDACB8CB242}.Debug|iPhone.ActiveCfg = Debug|iPhone
		{7D576E4A-2289-4AD2-A5DA-5CDACB8CB242}.Debug|iPhone.Build.0 = Debug|iPhone
		{7D576E4A-2289-4AD2-A5DA-5CDACB8CB242}.Release|iPhone.ActiveCfg = Release|iPhone
		{7D576E4A-2289-4AD2-A5DA-5CDACB8CB242}.Release|iPhone.Build.0 = Release|iPhone
		{7D576E4A-2289-4AD2-A5DA-5CDACB8CB242}.Ad-Hoc|iPhone.ActiveCfg = Ad-Hoc|iPhone
		{7D576E4A-2289-4AD2-A5DA-5CDACB8CB242}.Ad-Hoc|iPhone.Build.0 = Ad-Hoc|iPhone
		{7D576E4A-2289-4AD2-A5DA-5CDACB8CB242}.AppStore|iPhone.ActiveCfg = AppStore|iPhone
		{7D576E4A-2289-4AD2-A5DA-5CDACB8CB242}.AppStore|iPhone.Build.0 = AppStore|iPhone
		{7B41740E-8A34-49AF-AECF-F6318CA592A7}.Debug|Any CPU.ActiveCfg = Debug|Any CPU
		{7B41740E-8A34-49AF-AECF-F6318CA592A7}.Debug|Any CPU.Build.0 = Debug|Any CPU
		{7B41740E-8A34-49AF-AECF-F6318CA592A7}.Release|Any CPU.ActiveCfg = Release|Any CPU
		{7B41740E-8A34-49AF-AECF-F6318CA592A7}.Release|Any CPU.Build.0 = Release|Any CPU
		{7B41740E-8A34-49AF-AECF-F6318CA592A7}.Debug|iPhoneSimulator.ActiveCfg = Debug|Any CPU
		{7B41740E-8A34-49AF-AECF-F6318CA592A7}.Debug|iPhoneSimulator.Build.0 = Debug|Any CPU
		{7B41740E-8A34-49AF-AECF-F6318CA592A7}.Release|iPhoneSimulator.ActiveCfg = Release|Any CPU
		{7B41740E-8A34-49AF-AECF-F6318CA592A7}.Release|iPhoneSimulator.Build.0 = Release|Any CPU
		{7B41740E-8A34-49AF-AECF-F6318CA592A7}.Debug|iPhone.ActiveCfg = Debug|Any CPU
		{7B41740E-8A34-49AF-AECF-F6318CA592A7}.Debug|iPhone.Build.0 = Debug|Any CPU
		{7B41740E-8A34-49AF-AECF-F6318CA592A7}.Release|iPhone.ActiveCfg = Release|Any CPU
		{7B41740E-8A34-49AF-AECF-F6318CA592A7}.Release|iPhone.Build.0 = Release|Any CPU
		{7B41740E-8A34-49AF-AECF-F6318CA592A7}.Ad-Hoc|iPhone.ActiveCfg = Debug|Any CPU
		{7B41740E-8A34-49AF-AECF-F6318CA592A7}.Ad-Hoc|iPhone.Build.0 = Debug|Any CPU
		{7B41740E-8A34-49AF-AECF-F6318CA592A7}.AppStore|iPhone.ActiveCfg = Debug|Any CPU
		{7B41740E-8A34-49AF-AECF-F6318CA592A7}.AppStore|iPhone.Build.0 = Debug|Any CPU
	EndGlobalSection
EndGlobal
